
Microsoft Visual Studio Solution File, Format Version 12.00
# Visual Studio Version 16
VisualStudioVersion = 16.0.28917.181
MinimumVisualStudioVersion = 10.0.40219.1
Project("{9A19103F-16F7-4668-BE54-9A1E7A4F7556}") = "Barker.Calculator.Core", "Barker.Calculator.Core\Barker.Calculator.Core.csproj", "{44477035-708D-43ED-A40C-4CD2CD1A545D}"
EndProject
Project("{9A19103F-16F7-4668-BE54-9A1E7A4F7556}") = "Barker.Calculator.Core.Tests", "Barker.Calculator.Core.Tests\Barker.Calculator.Core.Tests.csproj", "{E80C4263-668C-49FB-994C-1EBA86851771}"
EndProject
Project("{FAE04EC0-301F-11D3-BF4B-00C04F79EFBC}") = "Barker.Calculator.Platform.UWP", "Barker.Calculator.Platform.UWP\Barker.Calculator.Platform.UWP.csproj", "{F78ADA56-73D3-450F-8955-A53CFF9ED2E5}"
EndProject
Project("{FAE04EC0-301F-11D3-BF4B-00C04F79EFBC}") = "Barker.Calculator.Model", "Barker.Calculator.Model\Barker.Calculator.Model.csproj", "{EC47F5C7-8713-41CF-AEDB-397E039C608C}"
EndProject
Global
	GlobalSection(SolutionConfigurationPlatforms) = preSolution
		Debug|Any CPU = Debug|Any CPU
		Debug|ARM = Debug|ARM
		Debug|ARM64 = Debug|ARM64
		Debug|x64 = Debug|x64
		Debug|x86 = Debug|x86
		Release|Any CPU = Release|Any CPU
		Release|ARM = Release|ARM
		Release|ARM64 = Release|ARM64
		Release|x64 = Release|x64
		Release|x86 = Release|x86
	EndGlobalSection
	GlobalSection(ProjectConfigurationPlatforms) = postSolution
		{44477035-708D-43ED-A40C-4CD2CD1A545D}.Debug|Any CPU.ActiveCfg = Debug|Any CPU
		{44477035-708D-43ED-A40C-4CD2CD1A545D}.Debug|Any CPU.Build.0 = Debug|Any CPU
		{44477035-708D-43ED-A40C-4CD2CD1A545D}.Debug|ARM.ActiveCfg = Debug|Any CPU
		{44477035-708D-43ED-A40C-4CD2CD1A545D}.Debug|ARM.Build.0 = Debug|Any CPU
		{44477035-708D-43ED-A40C-4CD2CD1A545D}.Debug|ARM64.ActiveCfg = Debug|Any CPU
		{44477035-708D-43ED-A40C-4CD2CD1A545D}.Debug|ARM64.Build.0 = Debug|Any CPU
		{44477035-708D-43ED-A40C-4CD2CD1A545D}.Debug|x64.ActiveCfg = Debug|Any CPU
		{44477035-708D-43ED-A40C-4CD2CD1A545D}.Debug|x64.Build.0 = Debug|Any CPU
		{44477035-708D-43ED-A40C-4CD2CD1A545D}.Debug|x86.ActiveCfg = Debug|Any CPU
		{44477035-708D-43ED-A40C-4CD2CD1A545D}.Debug|x86.Build.0 = Debug|Any CPU
		{44477035-708D-43ED-A40C-4CD2CD1A545D}.Release|Any CPU.ActiveCfg = Release|Any CPU
		{44477035-708D-43ED-A40C-4CD2CD1A545D}.Release|Any CPU.Build.0 = Release|Any CPU
		{44477035-708D-43ED-A40C-4CD2CD1A545D}.Release|ARM.ActiveCfg = Release|Any CPU
		{44477035-708D-43ED-A40C-4CD2CD1A545D}.Release|ARM.Build.0 = Release|Any CPU
		{44477035-708D-43ED-A40C-4CD2CD1A545D}.Release|ARM64.ActiveCfg = Release|Any CPU
		{44477035-708D-43ED-A40C-4CD2CD1A545D}.Release|ARM64.Build.0 = Release|Any CPU
		{44477035-708D-43ED-A40C-4CD2CD1A545D}.Release|x64.ActiveCfg = Release|Any CPU
		{44477035-708D-43ED-A40C-4CD2CD1A545D}.Release|x64.Build.0 = Release|Any CPU
		{44477035-708D-43ED-A40C-4CD2CD1A545D}.Release|x86.ActiveCfg = Release|Any CPU
		{44477035-708D-43ED-A40C-4CD2CD1A545D}.Release|x86.Build.0 = Release|Any CPU
		{E80C4263-668C-49FB-994C-1EBA86851771}.Debug|Any CPU.ActiveCfg = Debug|Any CPU
		{E80C4263-668C-49FB-994C-1EBA86851771}.Debug|Any CPU.Build.0 = Debug|Any CPU
		{E80C4263-668C-49FB-994C-1EBA86851771}.Debug|ARM.ActiveCfg = Debug|Any CPU
		{E80C4263-668C-49FB-994C-1EBA86851771}.Debug|ARM.Build.0 = Debug|Any CPU
		{E80C4263-668C-49FB-994C-1EBA86851771}.Debug|ARM64.ActiveCfg = Debug|Any CPU
		{E80C4263-668C-49FB-994C-1EBA86851771}.Debug|ARM64.Build.0 = Debug|Any CPU
		{E80C4263-668C-49FB-994C-1EBA86851771}.Debug|x64.ActiveCfg = Debug|Any CPU
		{E80C4263-668C-49FB-994C-1EBA86851771}.Debug|x64.Build.0 = Debug|Any CPU
		{E80C4263-668C-49FB-994C-1EBA86851771}.Debug|x86.ActiveCfg = Debug|Any CPU
		{E80C4263-668C-49FB-994C-1EBA86851771}.Debug|x86.Build.0 = Debug|Any CPU
		{E80C4263-668C-49FB-994C-1EBA86851771}.Release|Any CPU.ActiveCfg = Release|Any CPU
		{E80C4263-668C-49FB-994C-1EBA86851771}.Release|Any CPU.Build.0 = Release|Any CPU
		{E80C4263-668C-49FB-994C-1EBA86851771}.Release|ARM.ActiveCfg = Release|Any CPU
		{E80C4263-668C-49FB-994C-1EBA86851771}.Release|ARM.Build.0 = Release|Any CPU
		{E80C4263-668C-49FB-994C-1EBA86851771}.Release|ARM64.ActiveCfg = Release|Any CPU
		{E80C4263-668C-49FB-994C-1EBA86851771}.Release|ARM64.Build.0 = Release|Any CPU
		{E80C4263-668C-49FB-994C-1EBA86851771}.Release|x64.ActiveCfg = Release|Any CPU
		{E80C4263-668C-49FB-994C-1EBA86851771}.Release|x64.Build.0 = Release|Any CPU
		{E80C4263-668C-49FB-994C-1EBA86851771}.Release|x86.ActiveCfg = Release|Any CPU
		{E80C4263-668C-49FB-994C-1EBA86851771}.Release|x86.Build.0 = Release|Any CPU
		{F78ADA56-73D3-450F-8955-A53CFF9ED2E5}.Debug|Any CPU.ActiveCfg = Debug|x86
		{F78ADA56-73D3-450F-8955-A53CFF9ED2E5}.Debug|Any CPU.Build.0 = Debug|x86
		{F78ADA56-73D3-450F-8955-A53CFF9ED2E5}.Debug|Any CPU.Deploy.0 = Debug|x86
		{F78ADA56-73D3-450F-8955-A53CFF9ED2E5}.Debug|ARM.ActiveCfg = Debug|ARM
		{F78ADA56-73D3-450F-8955-A53CFF9ED2E5}.Debug|ARM.Build.0 = Debug|ARM
		{F78ADA56-73D3-450F-8955-A53CFF9ED2E5}.Debug|ARM.Deploy.0 = Debug|ARM
		{F78ADA56-73D3-450F-8955-A53CFF9ED2E5}.Debug|ARM64.ActiveCfg = Debug|ARM64
		{F78ADA56-73D3-450F-8955-A53CFF9ED2E5}.Debug|ARM64.Build.0 = Debug|ARM64
		{F78ADA56-73D3-450F-8955-A53CFF9ED2E5}.Debug|ARM64.Deploy.0 = Debug|ARM64
		{F78ADA56-73D3-450F-8955-A53CFF9ED2E5}.Debug|x64.ActiveCfg = Debug|x64
		{F78ADA56-73D3-450F-8955-A53CFF9ED2E5}.Debug|x64.Build.0 = Debug|x64
		{F78ADA56-73D3-450F-8955-A53CFF9ED2E5}.Debug|x64.Deploy.0 = Debug|x64
		{F78ADA56-73D3-450F-8955-A53CFF9ED2E5}.Debug|x86.ActiveCfg = Debug|x86
		{F78ADA56-73D3-450F-8955-A53CFF9ED2E5}.Debug|x86.Build.0 = Debug|x86
		{F78ADA56-73D3-450F-8955-A53CFF9ED2E5}.Debug|x86.Deploy.0 = Debug|x86
		{F78ADA56-73D3-450F-8955-A53CFF9ED2E5}.Release|Any CPU.ActiveCfg = Release|x86
		{F78ADA56-73D3-450F-8955-A53CFF9ED2E5}.Release|ARM.ActiveCfg = Release|ARM
		{F78ADA56-73D3-450F-8955-A53CFF9ED2E5}.Release|ARM.Build.0 = Release|ARM
		{F78ADA56-73D3-450F-8955-A53CFF9ED2E5}.Release|ARM.Deploy.0 = Release|ARM
		{F78ADA56-73D3-450F-8955-A53CFF9ED2E5}.Release|ARM64.ActiveCfg = Release|ARM64
		{F78ADA56-73D3-450F-8955-A53CFF9ED2E5}.Release|ARM64.Build.0 = Release|ARM64
		{F78ADA56-73D3-450F-8955-A53CFF9ED2E5}.Release|ARM64.Deploy.0 = Release|ARM64
		{F78ADA56-73D3-450F-8955-A53CFF9ED2E5}.Release|x64.ActiveCfg = Release|x64
		{F78ADA56-73D3-450F-8955-A53CFF9ED2E5}.Release|x64.Build.0 = Release|x64
		{F78ADA56-73D3-450F-8955-A53CFF9ED2E5}.Release|x64.Deploy.0 = Release|x64
		{F78ADA56-73D3-450F-8955-A53CFF9ED2E5}.Release|x86.ActiveCfg = Release|x86
		{F78ADA56-73D3-450F-8955-A53CFF9ED2E5}.Release|x86.Build.0 = Release|x86
		{F78ADA56-73D3-450F-8955-A53CFF9ED2E5}.Release|x86.Deploy.0 = Release|x86
		{EC47F5C7-8713-41CF-AEDB-397E039C608C}.Debug|Any CPU.ActiveCfg = Debug|Any CPU
		{EC47F5C7-8713-41CF-AEDB-397E039C608C}.Debug|Any CPU.Build.0 = Debug|Any CPU
		{EC47F5C7-8713-41CF-AEDB-397E039C608C}.Debug|ARM.ActiveCfg = Debug|Any CPU
		{EC47F5C7-8713-41CF-AEDB-397E039C608C}.Debug|ARM.Build.0 = Debug|Any CPU
		{EC47F5C7-8713-41CF-AEDB-397E039C608C}.Debug|ARM64.ActiveCfg = Debug|Any CPU
		{EC47F5C7-8713-41CF-AEDB-397E039C608C}.Debug|ARM64.Build.0 = Debug|Any CPU
		{EC47F5C7-8713-41CF-AEDB-397E039C608C}.Debug|x64.ActiveCfg = Debug|Any CPU
		{EC47F5C7-8713-41CF-AEDB-397E039C608C}.Debug|x64.Build.0 = Debug|Any CPU
		{EC47F5C7-8713-41CF-AEDB-397E039C608C}.Debug|x86.ActiveCfg = Debug|Any CPU
		{EC47F5C7-8713-41CF-AEDB-397E039C608C}.Debug|x86.Build.0 = Debug|Any CPU
		{EC47F5C7-8713-41CF-AEDB-397E039C608C}.Release|Any CPU.ActiveCfg = Release|Any CPU
		{EC47F5C7-8713-41CF-AEDB-397E039C608C}.Release|Any CPU.Build.0 = Release|Any CPU
		{EC47F5C7-8713-41CF-AEDB-397E039C608C}.Release|ARM.ActiveCfg = Release|Any CPU
		{EC47F5C7-8713-41CF-AEDB-397E039C608C}.Release|ARM.Build.0 = Release|Any CPU
		{EC47F5C7-8713-41CF-AEDB-397E039C608C}.Release|ARM64.ActiveCfg = Release|Any CPU
		{EC47F5C7-8713-41CF-AEDB-397E039C608C}.Release|ARM64.Build.0 = Release|Any CPU
		{EC47F5C7-8713-41CF-AEDB-397E039C608C}.Release|x64.ActiveCfg = Release|Any CPU
		{EC47F5C7-8713-41CF-AEDB-397E039C608C}.Release|x64.Build.0 = Release|Any CPU
		{EC47F5C7-8713-41CF-AEDB-397E039C608C}.Release|x86.ActiveCfg = Release|Any CPU
		{EC47F5C7-8713-41CF-AEDB-397E039C608C}.Release|x86.Build.0 = Release|Any CPU
	EndGlobalSection
	GlobalSection(SolutionProperties) = preSolution
		HideSolutionNode = FALSE
	EndGlobalSection
	GlobalSection(ExtensibilityGlobals) = postSolution
		SolutionGuid = {FEBFC4B6-2EA6-41C5-89FF-7120F2E9D3CE}
	EndGlobalSection
EndGlobal
